// !$*UTF8*$!
{
	archiveVersion = 1;
	classes = {
	};
	objectVersion = 50;
	objects = {

/* Begin PBXBuildFile section */
		812C0C8D229A07D400B58EB8 /* AppDelegate.swift in Sources */ = {isa = PBXBuildFile; fileRef = 812C0C8C229A07D400B58EB8 /* AppDelegate.swift */; };
		812C0C8F229A07D400B58EB8 /* MainVC.swift in Sources */ = {isa = PBXBuildFile; fileRef = 812C0C8E229A07D400B58EB8 /* MainVC.swift */; };
		812C0C92229A07D400B58EB8 /* Main.storyboard in Resources */ = {isa = PBXBuildFile; fileRef = 812C0C90229A07D400B58EB8 /* Main.storyboard */; };
		812C0C95229A07D400B58EB8 /* FibTestApp.xcdatamodeld in Sources */ = {isa = PBXBuildFile; fileRef = 812C0C93229A07D400B58EB8 /* FibTestApp.xcdatamodeld */; };
		812C0C97229A07D400B58EB8 /* Assets.xcassets in Resources */ = {isa = PBXBuildFile; fileRef = 812C0C96229A07D400B58EB8 /* Assets.xcassets */; };
		812C0C9A229A07D400B58EB8 /* LaunchScreen.storyboard in Resources */ = {isa = PBXBuildFile; fileRef = 812C0C98229A07D400B58EB8 /* LaunchScreen.storyboard */; };
		812C0CA5229A07D500B58EB8 /* FibPairTests.swift in Sources */ = {isa = PBXBuildFile; fileRef = 812C0CA4229A07D500B58EB8 /* FibPairTests.swift */; };
		812C0CC3229A1E2A00B58EB8 /* LabelJustifiedCell.swift in Sources */ = {isa = PBXBuildFile; fileRef = 812C0CC1229A1E2A00B58EB8 /* LabelJustifiedCell.swift */; };
		812C0CC4229A1E2A00B58EB8 /* LabelJustifiedCell.xib in Resources */ = {isa = PBXBuildFile; fileRef = 812C0CC2229A1E2A00B58EB8 /* LabelJustifiedCell.xib */; };
		812C0CC8229A1EFE00B58EB8 /* UIView+Extensions.swift in Sources */ = {isa = PBXBuildFile; fileRef = 812C0CC6229A1EFE00B58EB8 /* UIView+Extensions.swift */; };
		812C0CC9229A1EFE00B58EB8 /* UIViewController+Extensions.swift in Sources */ = {isa = PBXBuildFile; fileRef = 812C0CC7229A1EFE00B58EB8 /* UIViewController+Extensions.swift */; };
		812C0CCC229A1F8000B58EB8 /* SummaryVC.swift in Sources */ = {isa = PBXBuildFile; fileRef = 812C0CCB229A1F8000B58EB8 /* SummaryVC.swift */; };
		812C0CCE229A1F8D00B58EB8 /* Summary.storyboard in Resources */ = {isa = PBXBuildFile; fileRef = 812C0CCD229A1F8D00B58EB8 /* Summary.storyboard */; };
		812C0CD6229A21A900B58EB8 /* Base+FetchResultsDelegate.swift in Sources */ = {isa = PBXBuildFile; fileRef = 812C0CD5229A21A900B58EB8 /* Base+FetchResultsDelegate.swift */; };
		812C0CD8229A23BC00B58EB8 /* BaseVC.swift in Sources */ = {isa = PBXBuildFile; fileRef = 812C0CD7229A23BC00B58EB8 /* BaseVC.swift */; };
		812C0CDB229A25DA00B58EB8 /* Base+Utility.swift in Sources */ = {isa = PBXBuildFile; fileRef = 812C0CDA229A25DA00B58EB8 /* Base+Utility.swift */; };
		812C0CDD229A261300B58EB8 /* Base+TableView.swift in Sources */ = {isa = PBXBuildFile; fileRef = 812C0CDC229A261300B58EB8 /* Base+TableView.swift */; };
		812C0CE2229A2A8C00B58EB8 /* Main+TextFieldDelegate.swift in Sources */ = {isa = PBXBuildFile; fileRef = 812C0CE1229A2A8C00B58EB8 /* Main+TextFieldDelegate.swift */; };
		812C0CE4229A312100B58EB8 /* Main+TableView.swift in Sources */ = {isa = PBXBuildFile; fileRef = 812C0CE3229A312100B58EB8 /* Main+TableView.swift */; };
		812C0CE6229A315400B58EB8 /* Main+Utility.swift in Sources */ = {isa = PBXBuildFile; fileRef = 812C0CE5229A315400B58EB8 /* Main+Utility.swift */; };
		812C0CE8229A321600B58EB8 /* Summary+Utility.swift in Sources */ = {isa = PBXBuildFile; fileRef = 812C0CE7229A321600B58EB8 /* Summary+Utility.swift */; };
		812C0CEA229A325A00B58EB8 /* Summary+TableView.swift in Sources */ = {isa = PBXBuildFile; fileRef = 812C0CE9229A325A00B58EB8 /* Summary+TableView.swift */; };
		812C0CEC229A345700B58EB8 /* Main+ViewModel.swift in Sources */ = {isa = PBXBuildFile; fileRef = 812C0CEB229A345700B58EB8 /* Main+ViewModel.swift */; };
		812C0CEE229A3E0600B58EB8 /* FibPair.swift in Sources */ = {isa = PBXBuildFile; fileRef = 812C0CED229A3E0600B58EB8 /* FibPair.swift */; };
		812C0CF0229A3E1A00B58EB8 /* FibTime.swift in Sources */ = {isa = PBXBuildFile; fileRef = 812C0CEF229A3E1A00B58EB8 /* FibTime.swift */; };
		812C0CF3229A41CA00B58EB8 /* CoreDataManager.swift in Sources */ = {isa = PBXBuildFile; fileRef = 812C0CF2229A41CA00B58EB8 /* CoreDataManager.swift */; };
		812C0CF5229A44BD00B58EB8 /* CoreDataManager+FibTime.swift in Sources */ = {isa = PBXBuildFile; fileRef = 812C0CF4229A44BD00B58EB8 /* CoreDataManager+FibTime.swift */; };
		812C0CF7229A44CF00B58EB8 /* CoreDataManager+FibPair.swift in Sources */ = {isa = PBXBuildFile; fileRef = 812C0CF6229A44CF00B58EB8 /* CoreDataManager+FibPair.swift */; };
		812C0CFE229A4C6100B58EB8 /* ACHUD+Animation.swift in Sources */ = {isa = PBXBuildFile; fileRef = 812C0CFA229A4C6100B58EB8 /* ACHUD+Animation.swift */; };
		812C0CFF229A4C6100B58EB8 /* ACProgressView.xib in Resources */ = {isa = PBXBuildFile; fileRef = 812C0CFB229A4C6100B58EB8 /* ACProgressView.xib */; };
		812C0D00229A4C6100B58EB8 /* ACProgressHUD.swift in Sources */ = {isa = PBXBuildFile; fileRef = 812C0CFC229A4C6100B58EB8 /* ACProgressHUD.swift */; };
		812C0D01229A4C6100B58EB8 /* ACProgressView.swift in Sources */ = {isa = PBXBuildFile; fileRef = 812C0CFD229A4C6100B58EB8 /* ACProgressView.swift */; };
		812C0D03229A539500B58EB8 /* Utility.swift in Sources */ = {isa = PBXBuildFile; fileRef = 812C0D02229A539500B58EB8 /* Utility.swift */; };
		812C0D05229A53E500B58EB8 /* Main+Actions.swift in Sources */ = {isa = PBXBuildFile; fileRef = 812C0D04229A53E500B58EB8 /* Main+Actions.swift */; };
		812C0D09229A722200B58EB8 /* Device.swift in Sources */ = {isa = PBXBuildFile; fileRef = 812C0D08229A722200B58EB8 /* Device.swift */; };
		812C0D0E229A7CAB00B58EB8 /* MainViewModelTests.swift in Sources */ = {isa = PBXBuildFile; fileRef = 812C0D0C229A7CAB00B58EB8 /* MainViewModelTests.swift */; };
		812C0D0F229A7CAB00B58EB8 /* FibTimeTests.swift in Sources */ = {isa = PBXBuildFile; fileRef = 812C0D0D229A7CAB00B58EB8 /* FibTimeTests.swift */; };
/* End PBXBuildFile section */

/* Begin PBXContainerItemProxy section */
		812C0CA1229A07D500B58EB8 /* PBXContainerItemProxy */ = {
			isa = PBXContainerItemProxy;
			containerPortal = 812C0C81229A07D400B58EB8 /* Project object */;
			proxyType = 1;
			remoteGlobalIDString = 812C0C88229A07D400B58EB8;
			remoteInfo = FibTestApp;
		};
		812C0CAC229A07D500B58EB8 /* PBXContainerItemProxy */ = {
			isa = PBXContainerItemProxy;
			containerPortal = 812C0C81229A07D400B58EB8 /* Project object */;
			proxyType = 1;
			remoteGlobalIDString = 812C0C88229A07D400B58EB8;
			remoteInfo = FibTestApp;
		};
/* End PBXContainerItemProxy section */

/* Begin PBXFileReference section */
		812C0C89229A07D400B58EB8 /* FibTestApp.app */ = {isa = PBXFileReference; explicitFileType = wrapper.application; includeInIndex = 0; path = FibTestApp.app; sourceTree = BUILT_PRODUCTS_DIR; };
		812C0C8C229A07D400B58EB8 /* AppDelegate.swift */ = {isa = PBXFileReference; lastKnownFileType = sourcecode.swift; path = AppDelegate.swift; sourceTree = "<group>"; };
		812C0C8E229A07D400B58EB8 /* MainVC.swift */ = {isa = PBXFileReference; lastKnownFileType = sourcecode.swift; path = MainVC.swift; sourceTree = "<group>"; };
		812C0C91229A07D400B58EB8 /* Base */ = {isa = PBXFileReference; lastKnownFileType = file.storyboard; name = Base; path = Base.lproj/Main.storyboard; sourceTree = "<group>"; };
		812C0C94229A07D400B58EB8 /* FibTestApp.xcdatamodel */ = {isa = PBXFileReference; lastKnownFileType = wrapper.xcdatamodel; path = FibTestApp.xcdatamodel; sourceTree = "<group>"; };
		812C0C96229A07D400B58EB8 /* Assets.xcassets */ = {isa = PBXFileReference; lastKnownFileType = folder.assetcatalog; path = Assets.xcassets; sourceTree = "<group>"; };
		812C0C99229A07D400B58EB8 /* Base */ = {isa = PBXFileReference; lastKnownFileType = file.storyboard; name = Base; path = Base.lproj/LaunchScreen.storyboard; sourceTree = "<group>"; };
		812C0C9B229A07D400B58EB8 /* Info.plist */ = {isa = PBXFileReference; lastKnownFileType = text.plist.xml; path = Info.plist; sourceTree = "<group>"; };
		812C0CA0229A07D500B58EB8 /* FibTestAppTests.xctest */ = {isa = PBXFileReference; explicitFileType = wrapper.cfbundle; includeInIndex = 0; path = FibTestAppTests.xctest; sourceTree = BUILT_PRODUCTS_DIR; };
		812C0CA4229A07D500B58EB8 /* FibPairTests.swift */ = {isa = PBXFileReference; lastKnownFileType = sourcecode.swift; path = FibPairTests.swift; sourceTree = "<group>"; };
		812C0CA6229A07D500B58EB8 /* Info.plist */ = {isa = PBXFileReference; lastKnownFileType = text.plist.xml; path = Info.plist; sourceTree = "<group>"; };
		812C0CAB229A07D500B58EB8 /* FibTestAppUITests.xctest */ = {isa = PBXFileReference; explicitFileType = wrapper.cfbundle; includeInIndex = 0; path = FibTestAppUITests.xctest; sourceTree = BUILT_PRODUCTS_DIR; };
		812C0CC1229A1E2A00B58EB8 /* LabelJustifiedCell.swift */ = {isa = PBXFileReference; lastKnownFileType = sourcecode.swift; path = LabelJustifiedCell.swift; sourceTree = "<group>"; };
		812C0CC2229A1E2A00B58EB8 /* LabelJustifiedCell.xib */ = {isa = PBXFileReference; lastKnownFileType = file.xib; path = LabelJustifiedCell.xib; sourceTree = "<group>"; };
		812C0CC6229A1EFE00B58EB8 /* UIView+Extensions.swift */ = {isa = PBXFileReference; fileEncoding = 4; lastKnownFileType = sourcecode.swift; path = "UIView+Extensions.swift"; sourceTree = "<group>"; };
		812C0CC7229A1EFE00B58EB8 /* UIViewController+Extensions.swift */ = {isa = PBXFileReference; fileEncoding = 4; lastKnownFileType = sourcecode.swift; path = "UIViewController+Extensions.swift"; sourceTree = "<group>"; };
		812C0CCB229A1F8000B58EB8 /* SummaryVC.swift */ = {isa = PBXFileReference; lastKnownFileType = sourcecode.swift; path = SummaryVC.swift; sourceTree = "<group>"; };
		812C0CCD229A1F8D00B58EB8 /* Summary.storyboard */ = {isa = PBXFileReference; lastKnownFileType = file.storyboard; path = Summary.storyboard; sourceTree = "<group>"; };
		812C0CD5229A21A900B58EB8 /* Base+FetchResultsDelegate.swift */ = {isa = PBXFileReference; lastKnownFileType = sourcecode.swift; path = "Base+FetchResultsDelegate.swift"; sourceTree = "<group>"; };
		812C0CD7229A23BC00B58EB8 /* BaseVC.swift */ = {isa = PBXFileReference; lastKnownFileType = sourcecode.swift; path = BaseVC.swift; sourceTree = "<group>"; };
		812C0CDA229A25DA00B58EB8 /* Base+Utility.swift */ = {isa = PBXFileReference; lastKnownFileType = sourcecode.swift; path = "Base+Utility.swift"; sourceTree = "<group>"; };
		812C0CDC229A261300B58EB8 /* Base+TableView.swift */ = {isa = PBXFileReference; lastKnownFileType = sourcecode.swift; path = "Base+TableView.swift"; sourceTree = "<group>"; };
		812C0CE1229A2A8C00B58EB8 /* Main+TextFieldDelegate.swift */ = {isa = PBXFileReference; lastKnownFileType = sourcecode.swift; path = "Main+TextFieldDelegate.swift"; sourceTree = "<group>"; };
		812C0CE3229A312100B58EB8 /* Main+TableView.swift */ = {isa = PBXFileReference; lastKnownFileType = sourcecode.swift; path = "Main+TableView.swift"; sourceTree = "<group>"; };
		812C0CE5229A315400B58EB8 /* Main+Utility.swift */ = {isa = PBXFileReference; lastKnownFileType = sourcecode.swift; path = "Main+Utility.swift"; sourceTree = "<group>"; };
		812C0CE7229A321600B58EB8 /* Summary+Utility.swift */ = {isa = PBXFileReference; lastKnownFileType = sourcecode.swift; path = "Summary+Utility.swift"; sourceTree = "<group>"; };
		812C0CE9229A325A00B58EB8 /* Summary+TableView.swift */ = {isa = PBXFileReference; lastKnownFileType = sourcecode.swift; path = "Summary+TableView.swift"; sourceTree = "<group>"; };
		812C0CEB229A345700B58EB8 /* Main+ViewModel.swift */ = {isa = PBXFileReference; lastKnownFileType = sourcecode.swift; path = "Main+ViewModel.swift"; sourceTree = "<group>"; };
		812C0CED229A3E0600B58EB8 /* FibPair.swift */ = {isa = PBXFileReference; lastKnownFileType = sourcecode.swift; path = FibPair.swift; sourceTree = "<group>"; };
		812C0CEF229A3E1A00B58EB8 /* FibTime.swift */ = {isa = PBXFileReference; lastKnownFileType = sourcecode.swift; path = FibTime.swift; sourceTree = "<group>"; };
		812C0CF2229A41CA00B58EB8 /* CoreDataManager.swift */ = {isa = PBXFileReference; lastKnownFileType = sourcecode.swift; path = CoreDataManager.swift; sourceTree = "<group>"; };
		812C0CF4229A44BD00B58EB8 /* CoreDataManager+FibTime.swift */ = {isa = PBXFileReference; lastKnownFileType = sourcecode.swift; path = "CoreDataManager+FibTime.swift"; sourceTree = "<group>"; };
		812C0CF6229A44CF00B58EB8 /* CoreDataManager+FibPair.swift */ = {isa = PBXFileReference; lastKnownFileType = sourcecode.swift; path = "CoreDataManager+FibPair.swift"; sourceTree = "<group>"; };
		812C0CFA229A4C6100B58EB8 /* ACHUD+Animation.swift */ = {isa = PBXFileReference; fileEncoding = 4; lastKnownFileType = sourcecode.swift; path = "ACHUD+Animation.swift"; sourceTree = "<group>"; };
		812C0CFB229A4C6100B58EB8 /* ACProgressView.xib */ = {isa = PBXFileReference; fileEncoding = 4; lastKnownFileType = file.xib; path = ACProgressView.xib; sourceTree = "<group>"; };
		812C0CFC229A4C6100B58EB8 /* ACProgressHUD.swift */ = {isa = PBXFileReference; fileEncoding = 4; lastKnownFileType = sourcecode.swift; path = ACProgressHUD.swift; sourceTree = "<group>"; };
		812C0CFD229A4C6100B58EB8 /* ACProgressView.swift */ = {isa = PBXFileReference; fileEncoding = 4; lastKnownFileType = sourcecode.swift; path = ACProgressView.swift; sourceTree = "<group>"; };
		812C0D02229A539500B58EB8 /* Utility.swift */ = {isa = PBXFileReference; lastKnownFileType = sourcecode.swift; path = Utility.swift; sourceTree = "<group>"; };
		812C0D04229A53E500B58EB8 /* Main+Actions.swift */ = {isa = PBXFileReference; lastKnownFileType = sourcecode.swift; path = "Main+Actions.swift"; sourceTree = "<group>"; };
		812C0D08229A722200B58EB8 /* Device.swift */ = {isa = PBXFileReference; fileEncoding = 4; lastKnownFileType = sourcecode.swift; path = Device.swift; sourceTree = "<group>"; };
		812C0D0C229A7CAB00B58EB8 /* MainViewModelTests.swift */ = {isa = PBXFileReference; fileEncoding = 4; lastKnownFileType = sourcecode.swift; path = MainViewModelTests.swift; sourceTree = "<group>"; };
		812C0D0D229A7CAB00B58EB8 /* FibTimeTests.swift */ = {isa = PBXFileReference; fileEncoding = 4; lastKnownFileType = sourcecode.swift; path = FibTimeTests.swift; sourceTree = "<group>"; };
/* End PBXFileReference section */

/* Begin PBXFrameworksBuildPhase section */
		812C0C86229A07D400B58EB8 /* Frameworks */ = {
			isa = PBXFrameworksBuildPhase;
			buildActionMask = 2147483647;
			files = (
			);
			runOnlyForDeploymentPostprocessing = 0;
		};
		812C0C9D229A07D500B58EB8 /* Frameworks */ = {
			isa = PBXFrameworksBuildPhase;
			buildActionMask = 2147483647;
			files = (
			);
			runOnlyForDeploymentPostprocessing = 0;
		};
		812C0CA8229A07D500B58EB8 /* Frameworks */ = {
			isa = PBXFrameworksBuildPhase;
			buildActionMask = 2147483647;
			files = (
			);
			runOnlyForDeploymentPostprocessing = 0;
		};
/* End PBXFrameworksBuildPhase section */

/* Begin PBXGroup section */
		812C0C80229A07D400B58EB8 = {
			isa = PBXGroup;
			children = (
				812C0C8B229A07D400B58EB8 /* FibTestApp */,
				812C0CA3229A07D500B58EB8 /* FibTestAppTests */,
				812C0C8A229A07D400B58EB8 /* Products */,
			);
			sourceTree = "<group>";
		};
		812C0C8A229A07D400B58EB8 /* Products */ = {
			isa = PBXGroup;
			children = (
				812C0C89229A07D400B58EB8 /* FibTestApp.app */,
				812C0CA0229A07D500B58EB8 /* FibTestAppTests.xctest */,
				812C0CAB229A07D500B58EB8 /* FibTestAppUITests.xctest */,
			);
			name = Products;
			sourceTree = "<group>";
		};
		812C0C8B229A07D400B58EB8 /* FibTestApp */ = {
			isa = PBXGroup;
			children = (
				812C0C8C229A07D400B58EB8 /* AppDelegate.swift */,
				812C0C96229A07D400B58EB8 /* Assets.xcassets */,
				812C0CBE229A1DE100B58EB8 /* Main */,
				812C0CCA229A1F5200B58EB8 /* Summary */,
				812C0CBD229A1DCE00B58EB8 /* LabelJustifiedCell */,
				812C0CC0229A1DFC00B58EB8 /* CoreData */,
				812C0CD9229A23C000B58EB8 /* Base */,
				812C0CDE229A286900B58EB8 /* Misc */,
				812C0CBF229A1DEE00B58EB8 /* Config */,
			);
			path = FibTestApp;
			sourceTree = "<group>";
		};
		812C0CA3229A07D500B58EB8 /* FibTestAppTests */ = {
			isa = PBXGroup;
			children = (
				812C0CA4229A07D500B58EB8 /* FibPairTests.swift */,
				812C0D0D229A7CAB00B58EB8 /* FibTimeTests.swift */,
				812C0D0C229A7CAB00B58EB8 /* MainViewModelTests.swift */,
				812C0CA6229A07D500B58EB8 /* Info.plist */,
			);
			path = FibTestAppTests;
			sourceTree = "<group>";
		};
		812C0CBD229A1DCE00B58EB8 /* LabelJustifiedCell */ = {
			isa = PBXGroup;
			children = (
				812C0CC1229A1E2A00B58EB8 /* LabelJustifiedCell.swift */,
				812C0CC2229A1E2A00B58EB8 /* LabelJustifiedCell.xib */,
			);
			path = LabelJustifiedCell;
			sourceTree = "<group>";
		};
		812C0CBE229A1DE100B58EB8 /* Main */ = {
			isa = PBXGroup;
			children = (
				812C0C8E229A07D400B58EB8 /* MainVC.swift */,
				812C0CE3229A312100B58EB8 /* Main+TableView.swift */,
				812C0CE5229A315400B58EB8 /* Main+Utility.swift */,
				812C0CE1229A2A8C00B58EB8 /* Main+TextFieldDelegate.swift */,
				812C0CEB229A345700B58EB8 /* Main+ViewModel.swift */,
				812C0D04229A53E500B58EB8 /* Main+Actions.swift */,
				812C0C90229A07D400B58EB8 /* Main.storyboard */,
			);
			path = Main;
			sourceTree = "<group>";
		};
		812C0CBF229A1DEE00B58EB8 /* Config */ = {
			isa = PBXGroup;
			children = (
				812C0C98229A07D400B58EB8 /* LaunchScreen.storyboard */,
				812C0C9B229A07D400B58EB8 /* Info.plist */,
			);
			path = Config;
			sourceTree = "<group>";
		};
		812C0CC0229A1DFC00B58EB8 /* CoreData */ = {
			isa = PBXGroup;
			children = (
				812C0C93229A07D400B58EB8 /* FibTestApp.xcdatamodeld */,
				812C0CF2229A41CA00B58EB8 /* CoreDataManager.swift */,
				812C0CF4229A44BD00B58EB8 /* CoreDataManager+FibTime.swift */,
				812C0CF6229A44CF00B58EB8 /* CoreDataManager+FibPair.swift */,
				812C0CF1229A405F00B58EB8 /* Models */,
			);
			path = CoreData;
			sourceTree = "<group>";
		};
		812C0CC5229A1EB200B58EB8 /* Extensions */ = {
			isa = PBXGroup;
			children = (
				812C0CC6229A1EFE00B58EB8 /* UIView+Extensions.swift */,
				812C0CC7229A1EFE00B58EB8 /* UIViewController+Extensions.swift */,
			);
			path = Extensions;
			sourceTree = "<group>";
		};
		812C0CCA229A1F5200B58EB8 /* Summary */ = {
			isa = PBXGroup;
			children = (
				812C0CCB229A1F8000B58EB8 /* SummaryVC.swift */,
				812C0CE9229A325A00B58EB8 /* Summary+TableView.swift */,
				812C0CE7229A321600B58EB8 /* Summary+Utility.swift */,
				812C0CCD229A1F8D00B58EB8 /* Summary.storyboard */,
			);
			path = Summary;
			sourceTree = "<group>";
		};
		812C0CD9229A23C000B58EB8 /* Base */ = {
			isa = PBXGroup;
			children = (
				812C0CD7229A23BC00B58EB8 /* BaseVC.swift */,
				812C0CDC229A261300B58EB8 /* Base+TableView.swift */,
				812C0CDA229A25DA00B58EB8 /* Base+Utility.swift */,
				812C0CD5229A21A900B58EB8 /* Base+FetchResultsDelegate.swift */,
			);
			path = Base;
			sourceTree = "<group>";
		};
		812C0CDE229A286900B58EB8 /* Misc */ = {
			isa = PBXGroup;
			children = (
				812C0D08229A722200B58EB8 /* Device.swift */,
				812C0D02229A539500B58EB8 /* Utility.swift */,
				812C0CF8229A4C4B00B58EB8 /* External */,
				812C0CC5229A1EB200B58EB8 /* Extensions */,
			);
			path = Misc;
			sourceTree = "<group>";
		};
		812C0CF1229A405F00B58EB8 /* Models */ = {
			isa = PBXGroup;
			children = (
				812C0CED229A3E0600B58EB8 /* FibPair.swift */,
				812C0CEF229A3E1A00B58EB8 /* FibTime.swift */,
			);
			path = Models;
			sourceTree = "<group>";
		};
		812C0CF8229A4C4B00B58EB8 /* External */ = {
			isa = PBXGroup;
			children = (
				812C0CF9229A4C6100B58EB8 /* ACProgressView */,
			);
			path = External;
			sourceTree = "<group>";
		};
		812C0CF9229A4C6100B58EB8 /* ACProgressView */ = {
			isa = PBXGroup;
			children = (
				812C0CFA229A4C6100B58EB8 /* ACHUD+Animation.swift */,
				812C0CFB229A4C6100B58EB8 /* ACProgressView.xib */,
				812C0CFC229A4C6100B58EB8 /* ACProgressHUD.swift */,
				812C0CFD229A4C6100B58EB8 /* ACProgressView.swift */,
			);
			path = ACProgressView;
			sourceTree = "<group>";
		};
/* End PBXGroup section */

/* Begin PBXNativeTarget section */
		812C0C88229A07D400B58EB8 /* FibTestApp */ = {
			isa = PBXNativeTarget;
			buildConfigurationList = 812C0CB4229A07D500B58EB8 /* Build configuration list for PBXNativeTarget "FibTestApp" */;
			buildPhases = (
				812C0C85229A07D400B58EB8 /* Sources */,
				812C0C86229A07D400B58EB8 /* Frameworks */,
				812C0C87229A07D400B58EB8 /* Resources */,
			);
			buildRules = (
			);
			dependencies = (
			);
			name = FibTestApp;
			productName = FibTestApp;
			productReference = 812C0C89229A07D400B58EB8 /* FibTestApp.app */;
			productType = "com.apple.product-type.application";
		};
		812C0C9F229A07D500B58EB8 /* FibTestAppTests */ = {
			isa = PBXNativeTarget;
			buildConfigurationList = 812C0CB7229A07D500B58EB8 /* Build configuration list for PBXNativeTarget "FibTestAppTests" */;
			buildPhases = (
				812C0C9C229A07D500B58EB8 /* Sources */,
				812C0C9D229A07D500B58EB8 /* Frameworks */,
				812C0C9E229A07D500B58EB8 /* Resources */,
			);
			buildRules = (
			);
			dependencies = (
				812C0CA2229A07D500B58EB8 /* PBXTargetDependency */,
			);
			name = FibTestAppTests;
			productName = FibTestAppTests;
			productReference = 812C0CA0229A07D500B58EB8 /* FibTestAppTests.xctest */;
			productType = "com.apple.product-type.bundle.unit-test";
		};
		812C0CAA229A07D500B58EB8 /* FibTestAppUITests */ = {
			isa = PBXNativeTarget;
			buildConfigurationList = 812C0CBA229A07D500B58EB8 /* Build configuration list for PBXNativeTarget "FibTestAppUITests" */;
			buildPhases = (
				812C0CA7229A07D500B58EB8 /* Sources */,
				812C0CA8229A07D500B58EB8 /* Frameworks */,
				812C0CA9229A07D500B58EB8 /* Resources */,
			);
			buildRules = (
			);
			dependencies = (
				812C0CAD229A07D500B58EB8 /* PBXTargetDependency */,
			);
			name = FibTestAppUITests;
			productName = FibTestAppUITests;
			productReference = 812C0CAB229A07D500B58EB8 /* FibTestAppUITests.xctest */;
			productType = "com.apple.product-type.bundle.ui-testing";
		};
/* End PBXNativeTarget section */

/* Begin PBXProject section */
		812C0C81229A07D400B58EB8 /* Project object */ = {
			isa = PBXProject;
			attributes = {
				LastSwiftUpdateCheck = 1020;
				LastUpgradeCheck = 1020;
				ORGANIZATIONNAME = "Lamar Jay Caaddfiir";
				TargetAttributes = {
					812C0C88229A07D400B58EB8 = {
						CreatedOnToolsVersion = 10.2.1;
					};
					812C0C9F229A07D500B58EB8 = {
						CreatedOnToolsVersion = 10.2.1;
						TestTargetID = 812C0C88229A07D400B58EB8;
					};
					812C0CAA229A07D500B58EB8 = {
						CreatedOnToolsVersion = 10.2.1;
						TestTargetID = 812C0C88229A07D400B58EB8;
					};
				};
			};
			buildConfigurationList = 812C0C84229A07D400B58EB8 /* Build configuration list for PBXProject "FibTestApp" */;
			compatibilityVersion = "Xcode 9.3";
			developmentRegion = en;
			hasScannedForEncodings = 0;
			knownRegions = (
				en,
				Base,
			);
			mainGroup = 812C0C80229A07D400B58EB8;
			productRefGroup = 812C0C8A229A07D400B58EB8 /* Products */;
			projectDirPath = "";
			projectRoot = "";
			targets = (
				812C0C88229A07D400B58EB8 /* FibTestApp */,
				812C0C9F229A07D500B58EB8 /* FibTestAppTests */,
				812C0CAA229A07D500B58EB8 /* FibTestAppUITests */,
			);
		};
/* End PBXProject section */

/* Begin PBXResourcesBuildPhase section */
		812C0C87229A07D400B58EB8 /* Resources */ = {
			isa = PBXResourcesBuildPhase;
			buildActionMask = 2147483647;
			files = (
				812C0C9A229A07D400B58EB8 /* LaunchScreen.storyboard in Resources */,
				812C0C97229A07D400B58EB8 /* Assets.xcassets in Resources */,
				812C0CC4229A1E2A00B58EB8 /* LabelJustifiedCell.xib in Resources */,
				812C0CFF229A4C6100B58EB8 /* ACProgressView.xib in Resources */,
				812C0C92229A07D400B58EB8 /* Main.storyboard in Resources */,
				812C0CCE229A1F8D00B58EB8 /* Summary.storyboard in Resources */,
			);
			runOnlyForDeploymentPostprocessing = 0;
		};
		812C0C9E229A07D500B58EB8 /* Resources */ = {
			isa = PBXResourcesBuildPhase;
			buildActionMask = 2147483647;
			files = (
			);
			runOnlyForDeploymentPostprocessing = 0;
		};
		812C0CA9229A07D500B58EB8 /* Resources */ = {
			isa = PBXResourcesBuildPhase;
			buildActionMask = 2147483647;
			files = (
			);
			runOnlyForDeploymentPostprocessing = 0;
		};
/* End PBXResourcesBuildPhase section */

/* Begin PBXSourcesBuildPhase section */
		812C0C85229A07D400B58EB8 /* Sources */ = {
			isa = PBXSourcesBuildPhase;
			buildActionMask = 2147483647;
			files = (
				812C0CCC229A1F8000B58EB8 /* SummaryVC.swift in Sources */,
				812C0CF5229A44BD00B58EB8 /* CoreDataManager+FibTime.swift in Sources */,
				812C0C95229A07D400B58EB8 /* FibTestApp.xcdatamodeld in Sources */,
				812C0D01229A4C6100B58EB8 /* ACProgressView.swift in Sources */,
				812C0CE4229A312100B58EB8 /* Main+TableView.swift in Sources */,
				812C0C8F229A07D400B58EB8 /* MainVC.swift in Sources */,
				812C0CDD229A261300B58EB8 /* Base+TableView.swift in Sources */,
				812C0CC8229A1EFE00B58EB8 /* UIView+Extensions.swift in Sources */,
				812C0D00229A4C6100B58EB8 /* ACProgressHUD.swift in Sources */,
				812C0CD6229A21A900B58EB8 /* Base+FetchResultsDelegate.swift in Sources */,
				812C0CF0229A3E1A00B58EB8 /* FibTime.swift in Sources */,
				812C0CC3229A1E2A00B58EB8 /* LabelJustifiedCell.swift in Sources */,
				812C0CF7229A44CF00B58EB8 /* CoreDataManager+FibPair.swift in Sources */,
				812C0CEA229A325A00B58EB8 /* Summary+TableView.swift in Sources */,
				812C0CD8229A23BC00B58EB8 /* BaseVC.swift in Sources */,
				812C0CF3229A41CA00B58EB8 /* CoreDataManager.swift in Sources */,
				812C0CE6229A315400B58EB8 /* Main+Utility.swift in Sources */,
				812C0CFE229A4C6100B58EB8 /* ACHUD+Animation.swift in Sources */,
				812C0CE2229A2A8C00B58EB8 /* Main+TextFieldDelegate.swift in Sources */,
				812C0D09229A722200B58EB8 /* Device.swift in Sources */,
				812C0D03229A539500B58EB8 /* Utility.swift in Sources */,
				812C0CDB229A25DA00B58EB8 /* Base+Utility.swift in Sources */,
				812C0D05229A53E500B58EB8 /* Main+Actions.swift in Sources */,
				812C0CEE229A3E0600B58EB8 /* FibPair.swift in Sources */,
				812C0CE8229A321600B58EB8 /* Summary+Utility.swift in Sources */,
				812C0CEC229A345700B58EB8 /* Main+ViewModel.swift in Sources */,
				812C0CC9229A1EFE00B58EB8 /* UIViewController+Extensions.swift in Sources */,
				812C0C8D229A07D400B58EB8 /* AppDelegate.swift in Sources */,
			);
			runOnlyForDeploymentPostprocessing = 0;
		};
		812C0C9C229A07D500B58EB8 /* Sources */ = {
			isa = PBXSourcesBuildPhase;
			buildActionMask = 2147483647;
			files = (
				812C0CA5229A07D500B58EB8 /* FibPairTests.swift in Sources */,
				812C0D0F229A7CAB00B58EB8 /* FibTimeTests.swift in Sources */,
				812C0D0E229A7CAB00B58EB8 /* MainViewModelTests.swift in Sources */,
			);
			runOnlyForDeploymentPostprocessing = 0;
		};
		812C0CA7229A07D500B58EB8 /* Sources */ = {
			isa = PBXSourcesBuildPhase;
			buildActionMask = 2147483647;
			files = (
			);
			runOnlyForDeploymentPostprocessing = 0;
		};
/* End PBXSourcesBuildPhase section */

/* Begin PBXTargetDependency section */
		812C0CA2229A07D500B58EB8 /* PBXTargetDependency */ = {
			isa = PBXTargetDependency;
			target = 812C0C88229A07D400B58EB8 /* FibTestApp */;
			targetProxy = 812C0CA1229A07D500B58EB8 /* PBXContainerItemProxy */;
		};
		812C0CAD229A07D500B58EB8 /* PBXTargetDependency */ = {
			isa = PBXTargetDependency;
			target = 812C0C88229A07D400B58EB8 /* FibTestApp */;
			targetProxy = 812C0CAC229A07D500B58EB8 /* PBXContainerItemProxy */;
		};
/* End PBXTargetDependency section */

/* Begin PBXVariantGroup section */
		812C0C90229A07D400B58EB8 /* Main.storyboard */ = {
			isa = PBXVariantGroup;
			children = (
				812C0C91229A07D400B58EB8 /* Base */,
			);
			name = Main.storyboard;
			sourceTree = "<group>";
		};
		812C0C98229A07D400B58EB8 /* LaunchScreen.storyboard */ = {
			isa = PBXVariantGroup;
			children = (
				812C0C99229A07D400B58EB8 /* Base */,
			);
			name = LaunchScreen.storyboard;
			sourceTree = "<group>";
		};
/* End PBXVariantGroup section */

/* Begin XCBuildConfiguration section */
		812C0CB2229A07D500B58EB8 /* Debug */ = {
			isa = XCBuildConfiguration;
			buildSettings = {
				ALWAYS_SEARCH_USER_PATHS = NO;
				CLANG_ANALYZER_NONNULL = YES;
				CLANG_ANALYZER_NUMBER_OBJECT_CONVERSION = YES_AGGRESSIVE;
				CLANG_CXX_LANGUAGE_STANDARD = "gnu++14";
				CLANG_CXX_LIBRARY = "libc++";
				CLANG_ENABLE_MODULES = YES;
				CLANG_ENABLE_OBJC_ARC = YES;
				CLANG_ENABLE_OBJC_WEAK = YES;
				CLANG_WARN_BLOCK_CAPTURE_AUTORELEASING = YES;
				CLANG_WARN_BOOL_CONVERSION = YES;
				CLANG_WARN_COMMA = YES;
				CLANG_WARN_CONSTANT_CONVERSION = YES;
				CLANG_WARN_DEPRECATED_OBJC_IMPLEMENTATIONS = YES;
				CLANG_WARN_DIRECT_OBJC_ISA_USAGE = YES_ERROR;
				CLANG_WARN_DOCUMENTATION_COMMENTS = YES;
				CLANG_WARN_EMPTY_BODY = YES;
				CLANG_WARN_ENUM_CONVERSION = YES;
				CLANG_WARN_INFINITE_RECURSION = YES;
				CLANG_WARN_INT_CONVERSION = YES;
				CLANG_WARN_NON_LITERAL_NULL_CONVERSION = YES;
				CLANG_WARN_OBJC_IMPLICIT_RETAIN_SELF = YES;
				CLANG_WARN_OBJC_LITERAL_CONVERSION = YES;
				CLANG_WARN_OBJC_ROOT_CLASS = YES_ERROR;
				CLANG_WARN_RANGE_LOOP_ANALYSIS = YES;
				CLANG_WARN_STRICT_PROTOTYPES = YES;
				CLANG_WARN_SUSPICIOUS_MOVE = YES;
				CLANG_WARN_UNGUARDED_AVAILABILITY = YES_AGGRESSIVE;
				CLANG_WARN_UNREACHABLE_CODE = YES;
				CLANG_WARN__DUPLICATE_METHOD_MATCH = YES;
				CODE_SIGN_IDENTITY = "iPhone Developer";
				COPY_PHASE_STRIP = NO;
				DEBUG_INFORMATION_FORMAT = dwarf;
				ENABLE_STRICT_OBJC_MSGSEND = YES;
				ENABLE_TESTABILITY = YES;
				GCC_C_LANGUAGE_STANDARD = gnu11;
				GCC_DYNAMIC_NO_PIC = NO;
				GCC_NO_COMMON_BLOCKS = YES;
				GCC_OPTIMIZATION_LEVEL = 0;
				GCC_PREPROCESSOR_DEFINITIONS = (
					"DEBUG=1",
					"$(inherited)",
				);
				GCC_WARN_64_TO_32_BIT_CONVERSION = YES;
				GCC_WARN_ABOUT_RETURN_TYPE = YES_ERROR;
				GCC_WARN_UNDECLARED_SELECTOR = YES;
				GCC_WARN_UNINITIALIZED_AUTOS = YES_AGGRESSIVE;
				GCC_WARN_UNUSED_FUNCTION = YES;
				GCC_WARN_UNUSED_VARIABLE = YES;
				IPHONEOS_DEPLOYMENT_TARGET = 12.2;
				MTL_ENABLE_DEBUG_INFO = INCLUDE_SOURCE;
				MTL_FAST_MATH = YES;
				ONLY_ACTIVE_ARCH = YES;
				SDKROOT = iphoneos;
				SWIFT_ACTIVE_COMPILATION_CONDITIONS = DEBUG;
				SWIFT_OPTIMIZATION_LEVEL = "-Onone";
			};
			name = Debug;
		};
		812C0CB3229A07D500B58EB8 /* Release */ = {
			isa = XCBuildConfiguration;
			buildSettings = {
				ALWAYS_SEARCH_USER_PATHS = NO;
				CLANG_ANALYZER_NONNULL = YES;
				CLANG_ANALYZER_NUMBER_OBJECT_CONVERSION = YES_AGGRESSIVE;
				CLANG_CXX_LANGUAGE_STANDARD = "gnu++14";
				CLANG_CXX_LIBRARY = "libc++";
				CLANG_ENABLE_MODULES = YES;
				CLANG_ENABLE_OBJC_ARC = YES;
				CLANG_ENABLE_OBJC_WEAK = YES;
				CLANG_WARN_BLOCK_CAPTURE_AUTORELEASING = YES;
				CLANG_WARN_BOOL_CONVERSION = YES;
				CLANG_WARN_COMMA = YES;
				CLANG_WARN_CONSTANT_CONVERSION = YES;
				CLANG_WARN_DEPRECATED_OBJC_IMPLEMENTATIONS = YES;
				CLANG_WARN_DIRECT_OBJC_ISA_USAGE = YES_ERROR;
				CLANG_WARN_DOCUMENTATION_COMMENTS = YES;
				CLANG_WARN_EMPTY_BODY = YES;
				CLANG_WARN_ENUM_CONVERSION = YES;
				CLANG_WARN_INFINITE_RECURSION = YES;
				CLANG_WARN_INT_CONVERSION = YES;
				CLANG_WARN_NON_LITERAL_NULL_CONVERSION = YES;
				CLANG_WARN_OBJC_IMPLICIT_RETAIN_SELF = YES;
				CLANG_WARN_OBJC_LITERAL_CONVERSION = YES;
				CLANG_WARN_OBJC_ROOT_CLASS = YES_ERROR;
				CLANG_WARN_RANGE_LOOP_ANALYSIS = YES;
				CLANG_WARN_STRICT_PROTOTYPES = YES;
				CLANG_WARN_SUSPICIOUS_MOVE = YES;
				CLANG_WARN_UNGUARDED_AVAILABILITY = YES_AGGRESSIVE;
				CLANG_WARN_UNREACHABLE_CODE = YES;
				CLANG_WARN__DUPLICATE_METHOD_MATCH = YES;
				CODE_SIGN_IDENTITY = "iPhone Developer";
				COPY_PHASE_STRIP = NO;
				DEBUG_INFORMATION_FORMAT = "dwarf-with-dsym";
				ENABLE_NS_ASSERTIONS = NO;
				ENABLE_STRICT_OBJC_MSGSEND = YES;
				GCC_C_LANGUAGE_STANDARD = gnu11;
				GCC_NO_COMMON_BLOCKS = YES;
				GCC_WARN_64_TO_32_BIT_CONVERSION = YES;
				GCC_WARN_ABOUT_RETURN_TYPE = YES_ERROR;
				GCC_WARN_UNDECLARED_SELECTOR = YES;
				GCC_WARN_UNINITIALIZED_AUTOS = YES_AGGRESSIVE;
				GCC_WARN_UNUSED_FUNCTION = YES;
				GCC_WARN_UNUSED_VARIABLE = YES;
				IPHONEOS_DEPLOYMENT_TARGET = 12.2;
				MTL_ENABLE_DEBUG_INFO = NO;
				MTL_FAST_MATH = YES;
				SDKROOT = iphoneos;
				SWIFT_COMPILATION_MODE = wholemodule;
				SWIFT_OPTIMIZATION_LEVEL = "-O";
				VALIDATE_PRODUCT = YES;
			};
			name = Release;
		};
		812C0CB5229A07D500B58EB8 /* Debug */ = {
			isa = XCBuildConfiguration;
			buildSettings = {
				ASSETCATALOG_COMPILER_APPICON_NAME = AppIcon;
				CODE_SIGN_STYLE = Automatic;
				DEVELOPMENT_TEAM = AN66X2S3W9;
				INFOPLIST_FILE = "$(SRCROOT)/FibTestApp/Config/Info.plist";
				LD_RUNPATH_SEARCH_PATHS = (
					"$(inherited)",
					"@executable_path/Frameworks",
				);
				PRODUCT_BUNDLE_IDENTIFIER = com.ljc.code.challenge.FibTestApp;
				PRODUCT_NAME = "$(TARGET_NAME)";
				SWIFT_VERSION = 5.0;
				TARGETED_DEVICE_FAMILY = "1,2";
			};
			name = Debug;
		};
		812C0CB6229A07D500B58EB8 /* Release */ = {
			isa = XCBuildConfiguration;
			buildSettings = {
				ASSETCATALOG_COMPILER_APPICON_NAME = AppIcon;
				CODE_SIGN_STYLE = Automatic;
				DEVELOPMENT_TEAM = AN66X2S3W9;
				INFOPLIST_FILE = "$(SRCROOT)/FibTestApp/Config/Info.plist";
				LD_RUNPATH_SEARCH_PATHS = (
					"$(inherited)",
					"@executable_path/Frameworks",
				);
				PRODUCT_BUNDLE_IDENTIFIER = com.ljc.code.challenge.FibTestApp;
				PRODUCT_NAME = "$(TARGET_NAME)";
				SWIFT_VERSION = 5.0;
				TARGETED_DEVICE_FAMILY = "1,2";
			};
			name = Release;
		};
		812C0CB8229A07D500B58EB8 /* Debug */ = {
			isa = XCBuildConfiguration;
			buildSettings = {
				ALWAYS_EMBED_SWIFT_STANDARD_LIBRARIES = YES;
				BUNDLE_LOADER = "$(TEST_HOST)";
				CODE_SIGN_STYLE = Automatic;
				DEVELOPMENT_TEAM = AN66X2S3W9;
				INFOPLIST_FILE = FibTestAppTests/Info.plist;
				LD_RUNPATH_SEARCH_PATHS = (
					"$(inherited)",
					"@executable_path/Frameworks",
					"@loader_path/Frameworks",
				);
				PRODUCT_BUNDLE_IDENTIFIER = com.ljc.code.challenge.FibTestAppTests;
				PRODUCT_NAME = "$(TARGET_NAME)";
				SWIFT_VERSION = 5.0;
				TARGETED_DEVICE_FAMILY = "1,2";
				TEST_HOST = "$(BUILT_PRODUCTS_DIR)/FibTestApp.app/FibTestApp";
			};
			name = Debug;
		};
		812C0CB9229A07D500B58EB8 /* Release */ = {
			isa = XCBuildConfiguration;
			buildSettings = {
				ALWAYS_EMBED_SWIFT_STANDARD_LIBRARIES = YES;
				BUNDLE_LOADER = "$(TEST_HOST)";
				CODE_SIGN_STYLE = Automatic;
				DEVELOPMENT_TEAM = AN66X2S3W9;
				INFOPLIST_FILE = FibTestAppTests/Info.plist;
				LD_RUNPATH_SEARCH_PATHS = (
					"$(inherited)",
					"@executable_path/Frameworks",
					"@loader_path/Frameworks",
				);
				PRODUCT_BUNDLE_IDENTIFIER = com.ljc.code.challenge.FibTestAppTests;
				PRODUCT_NAME = "$(TARGET_NAME)";
				SWIFT_VERSION = 5.0;
				TARGETED_DEVICE_FAMILY = "1,2";
				TEST_HOST = "$(BUILT_PRODUCTS_DIR)/FibTestApp.app/FibTestApp";
			};
			name = Release;
		};
		812C0CBB229A07D500B58EB8 /* Debug */ = {
			isa = XCBuildConfiguration;
			buildSettings = {
				ALWAYS_EMBED_SWIFT_STANDARD_LIBRARIES = YES;
				CODE_SIGN_STYLE = Automatic;
				DEVELOPMENT_TEAM = AN66X2S3W9;
				INFOPLIST_FILE = FibTestAppUITests/Info.plist;
				LD_RUNPATH_SEARCH_PATHS = (
					"$(inherited)",
					"@executable_path/Frameworks",
					"@loader_path/Frameworks",
				);
				PRODUCT_BUNDLE_IDENTIFIER = com.ljc.code.challenge.FibTestAppUITests;
				PRODUCT_NAME = "$(TARGET_NAME)";
				SWIFT_VERSION = 5.0;
				TARGETED_DEVICE_FAMILY = "1,2";
				TEST_TARGET_NAME = FibTestApp;
			};
			name = Debug;
		};
		812C0CBC229A07D500B58EB8 /* Release */ = {
			isa = XCBuildConfiguration;
			buildSettings = {
				ALWAYS_EMBED_SWIFT_STANDARD_LIBRARIES = YES;
				CODE_SIGN_STYLE = Automatic;
				DEVELOPMENT_TEAM = AN66X2S3W9;
				INFOPLIST_FILE = FibTestAppUITests/Info.plist;
				LD_RUNPATH_SEARCH_PATHS = (
					"$(inherited)",
					"@executable_path/Frameworks",
					"@loader_path/Frameworks",
				);
				PRODUCT_BUNDLE_IDENTIFIER = com.ljc.code.challenge.FibTestAppUITests;
				PRODUCT_NAME = "$(TARGET_NAME)";
				SWIFT_VERSION = 5.0;
				TARGETED_DEVICE_FAMILY = "1,2";
				TEST_TARGET_NAME = FibTestApp;
			};
			name = Release;
		};
/* End XCBuildConfiguration section */

/* Begin XCConfigurationList section */
		812C0C84229A07D400B58EB8 /* Build configuration list for PBXProject "FibTestApp" */ = {
			isa = XCConfigurationList;
			buildConfigurations = (
				812C0CB2229A07D500B58EB8 /* Debug */,
				812C0CB3229A07D500B58EB8 /* Release */,
			);
			defaultConfigurationIsVisible = 0;
			defaultConfigurationName = Release;
		};
		812C0CB4229A07D500B58EB8 /* Build configuration list for PBXNativeTarget "FibTestApp" */ = {
			isa = XCConfigurationList;
			buildConfigurations = (
				812C0CB5229A07D500B58EB8 /* Debug */,
				812C0CB6229A07D500B58EB8 /* Release */,
			);
			defaultConfigurationIsVisible = 0;
			defaultConfigurationName = Release;
		};
		812C0CB7229A07D500B58EB8 /* Build configuration list for PBXNativeTarget "FibTestAppTests" */ = {
			isa = XCConfigurationList;
			buildConfigurations = (
				812C0CB8229A07D500B58EB8 /* Debug */,
				812C0CB9229A07D500B58EB8 /* Release */,
			);
			defaultConfigurationIsVisible = 0;
			defaultConfigurationName = Release;
		};
		812C0CBA229A07D500B58EB8 /* Build configuration list for PBXNativeTarget "FibTestAppUITests" */ = {
			isa = XCConfigurationList;
			buildConfigurations = (
				812C0CBB229A07D500B58EB8 /* Debug */,
				812C0CBC229A07D500B58EB8 /* Release */,
			);
			defaultConfigurationIsVisible = 0;
			defaultConfigurationName = Release;
		};
/* End XCConfigurationList section */

/* Begin XCVersionGroup section */
		812C0C93229A07D400B58EB8 /* FibTestApp.xcdatamodeld */ = {
			isa = XCVersionGroup;
			children = (
				812C0C94229A07D400B58EB8 /* FibTestApp.xcdatamodel */,
			);
			currentVersion = 812C0C94229A07D400B58EB8 /* FibTestApp.xcdatamodel */;
			path = FibTestApp.xcdatamodeld;
			sourceTree = "<group>";
			versionGroupType = wrapper.xcdatamodel;
		};
/* End XCVersionGroup section */
	};
	rootObject = 812C0C81229A07D400B58EB8 /* Project object */;
}
